
Microsoft Visual Studio Solution File, Format Version 12.00
# Visual Studio Version 17
VisualStudioVersion = 17.4.33213.308
MinimumVisualStudioVersion = 10.0.40219.1
Project("{9A19103F-16F7-4668-BE54-9A1E7A4F7556}") = "MyRace", "MyRace\MyRace.csproj", "{A9D02D01-6217-4186-9F9F-B30A33315521}"
EndProject
Project("{54435603-DBB4-11D2-8724-00A0C9A8B90C}") = "MyRace_Installer", "MyRace_Installer\MyRace_Installer.vdproj", "{6C49307E-6D58-4D20-B945-3CFD5B7A5B89}"
EndProject
Global
	GlobalSection(SolutionConfigurationPlatforms) = preSolution
		Debug|Any CPU = Debug|Any CPU
		Release|Any CPU = Release|Any CPU
	EndGlobalSection
	GlobalSection(ProjectConfigurationPlatforms) = postSolution
		{A9D02D01-6217-4186-9F9F-B30A33315521}.Debug|Any CPU.ActiveCfg = Debug|Any CPU
		{A9D02D01-6217-4186-9F9F-B30A33315521}.Debug|Any CPU.Build.0 = Debug|Any CPU
		{A9D02D01-6217-4186-9F9F-B30A33315521}.Release|Any CPU.ActiveCfg = Release|Any CPU
		{A9D02D01-6217-4186-9F9F-B30A33315521}.Release|Any CPU.Build.0 = Release|Any CPU
		{6C49307E-6D58-4D20-B945-3CFD5B7A5B89}.Debug|Any CPU.ActiveCfg = Debug
		{6C49307E-6D58-4D20-B945-3CFD5B7A5B89}.Release|Any CPU.ActiveCfg = Release
	EndGlobalSection
	GlobalSection(SolutionProperties) = preSolution
		HideSolutionNode = FALSE
	EndGlobalSection
	GlobalSection(ExtensibilityGlobals) = postSolution
		SolutionGuid = {049067EF-F482-4644-9FB5-6F955F60AFF9}
	EndGlobalSection
EndGlobal
